{
  "originHash" : "b01be75cb90830967c2aebc32170f742d5c24c7b34e43cf981bd34d50184bdb2",
  "pins" : [
    {
      "identity" : "sparkle",
      "kind" : "remoteSourceControl",
      "location" : "https://github.com/sparkle-project/Sparkle",
      "state" : {
        "revision" : "5581748cef2bae787496fe6d61139aebe0a451f6",
        "version" : "2.8.1"
      }
    },
    {
      "identity" : "swiftlisttreedatasource",
      "kind" : "remoteSourceControl",
      "location" : "https://github.com/dzmitry-antonenka/SwiftListTreeDataSource",
      "state" : {
        "revision" : "d9a91982a236e6e67e7d6fba9ebd6028cd7c847c",
        "version" : "1.0.2"
      }
    }
  ],
  "version" : 3
}
